
Microsoft Visual Studio Solution File, Format Version 12.00
# Visual Studio 15
VisualStudioVersion = 15.0.26730.16
MinimumVisualStudioVersion = 10.0.40219.1
Project("{9A19103F-16F7-4668-BE54-9A1E7A4F7556}") = "FundTrack.WebUI", "FundTrack.WebUI\FundTrack.WebUI.csproj", "{465AB00F-51CD-4C6E-979D-B7EFA4387DC7}"
EndProject
Project("{9A19103F-16F7-4668-BE54-9A1E7A4F7556}") = "FundTrack.DAL", "FundTrack.DAL\FundTrack.DAL.csproj", "{EEFA1717-A337-4F2A-BE52-4AC6F97A3A80}"
EndProject
Project("{9A19103F-16F7-4668-BE54-9A1E7A4F7556}") = "FundTrack.BLL", "FundTrack.BLL\FundTrack.BLL.csproj", "{EAAE4D01-3586-4784-9F39-3E2B70E0C677}"
EndProject
Project("{9A19103F-16F7-4668-BE54-9A1E7A4F7556}") = "FundTrack.Infrastructure", "FundTrack.Infrastructure\FundTrack.Infrastructure.csproj", "{6540FAB8-83C7-40EC-93D3-09EE3A40794E}"
EndProject
Project("{9A19103F-16F7-4668-BE54-9A1E7A4F7556}") = "FundTrack.BLL.Tests", "FundTrack.BLL.Tests\FundTrack.BLL.Tests.csproj", "{4975B076-A4EE-4281-9446-648F6CDE72DF}"
EndProject
Project("{9A19103F-16F7-4668-BE54-9A1E7A4F7556}") = "FundTrack.WebUI.Tests", "FundTrack.WebUI.Tests\FundTrack.WebUI.Tests.csproj", "{6EEE8694-DA10-4324-8A40-B9A79DB35B69}"
EndProject
Project("{9A19103F-16F7-4668-BE54-9A1E7A4F7556}") = "FundTrack.DAL.Tests", "FundTrack.DAL.Tests\FundTrack.DAL.Tests.csproj", "{7120293D-AFFF-4363-AD57-B3D8EDCC857C}"
EndProject
Project("{FAE04EC0-301F-11D3-BF4B-00C04F79EFBC}") = "FundTrack.AutoImportService", "FundTrack.AutoImportService\FundTrack.AutoImportService.csproj", "{F4EC9D76-714C-446D-A969-45F8D00BF176}"
EndProject
Project("{FAE04EC0-301F-11D3-BF4B-00C04F79EFBC}") = "FundTrack.PrivatImport", "FundTrack.PrivatImport\FundTrack.PrivatImport.csproj", "{61B4211E-E254-49D9-BE14-A4C8C47B596A}"
EndProject
Project("{9A19103F-16F7-4668-BE54-9A1E7A4F7556}") = "PrivatService", "PrivateService\PrivatService.csproj", "{D8CB580D-96D8-4F62-B88F-5BB112FF94E3}"
EndProject
Project("{9A19103F-16F7-4668-BE54-9A1E7A4F7556}") = "FundTrack.Integration.Tests", "FundTrack.Integration.Tests\FundTrack.Integration.Tests.csproj", "{3AEEFB33-F774-4F98-86F0-D49FCD497A51}"
EndProject
Global
	GlobalSection(SolutionConfigurationPlatforms) = preSolution
		Debug|Any CPU = Debug|Any CPU
		FundTrackDeploy|Any CPU = FundTrackDeploy|Any CPU
		Release|Any CPU = Release|Any CPU
	EndGlobalSection
	GlobalSection(ProjectConfigurationPlatforms) = postSolution
		{465AB00F-51CD-4C6E-979D-B7EFA4387DC7}.Debug|Any CPU.ActiveCfg = Debug|Any CPU
		{465AB00F-51CD-4C6E-979D-B7EFA4387DC7}.Debug|Any CPU.Build.0 = Debug|Any CPU
		{465AB00F-51CD-4C6E-979D-B7EFA4387DC7}.FundTrackDeploy|Any CPU.ActiveCfg = Release|Any CPU
		{465AB00F-51CD-4C6E-979D-B7EFA4387DC7}.FundTrackDeploy|Any CPU.Build.0 = Release|Any CPU
		{465AB00F-51CD-4C6E-979D-B7EFA4387DC7}.Release|Any CPU.ActiveCfg = Release|Any CPU
		{465AB00F-51CD-4C6E-979D-B7EFA4387DC7}.Release|Any CPU.Build.0 = Release|Any CPU
		{EEFA1717-A337-4F2A-BE52-4AC6F97A3A80}.Debug|Any CPU.ActiveCfg = Debug|Any CPU
		{EEFA1717-A337-4F2A-BE52-4AC6F97A3A80}.Debug|Any CPU.Build.0 = Debug|Any CPU
		{EEFA1717-A337-4F2A-BE52-4AC6F97A3A80}.FundTrackDeploy|Any CPU.ActiveCfg = Release|Any CPU
		{EEFA1717-A337-4F2A-BE52-4AC6F97A3A80}.FundTrackDeploy|Any CPU.Build.0 = Release|Any CPU
		{EEFA1717-A337-4F2A-BE52-4AC6F97A3A80}.Release|Any CPU.ActiveCfg = Release|Any CPU
		{EEFA1717-A337-4F2A-BE52-4AC6F97A3A80}.Release|Any CPU.Build.0 = Release|Any CPU
		{EAAE4D01-3586-4784-9F39-3E2B70E0C677}.Debug|Any CPU.ActiveCfg = Debug|Any CPU
		{EAAE4D01-3586-4784-9F39-3E2B70E0C677}.Debug|Any CPU.Build.0 = Debug|Any CPU
		{EAAE4D01-3586-4784-9F39-3E2B70E0C677}.FundTrackDeploy|Any CPU.ActiveCfg = Release|Any CPU
		{EAAE4D01-3586-4784-9F39-3E2B70E0C677}.FundTrackDeploy|Any CPU.Build.0 = Release|Any CPU
		{EAAE4D01-3586-4784-9F39-3E2B70E0C677}.Release|Any CPU.ActiveCfg = Release|Any CPU
		{EAAE4D01-3586-4784-9F39-3E2B70E0C677}.Release|Any CPU.Build.0 = Release|Any CPU
		{EAAE4D01-3586-4784-9F39-3E2B70E0C677}.Release|Any CPU.Deploy.0 = Release|Any CPU
		{6540FAB8-83C7-40EC-93D3-09EE3A40794E}.Debug|Any CPU.ActiveCfg = Debug|Any CPU
		{6540FAB8-83C7-40EC-93D3-09EE3A40794E}.Debug|Any CPU.Build.0 = Debug|Any CPU
		{6540FAB8-83C7-40EC-93D3-09EE3A40794E}.FundTrackDeploy|Any CPU.ActiveCfg = Release|Any CPU
		{6540FAB8-83C7-40EC-93D3-09EE3A40794E}.FundTrackDeploy|Any CPU.Build.0 = Release|Any CPU
		{6540FAB8-83C7-40EC-93D3-09EE3A40794E}.Release|Any CPU.ActiveCfg = Release|Any CPU
		{6540FAB8-83C7-40EC-93D3-09EE3A40794E}.Release|Any CPU.Build.0 = Release|Any CPU
		{4975B076-A4EE-4281-9446-648F6CDE72DF}.Debug|Any CPU.ActiveCfg = Debug|Any CPU
		{4975B076-A4EE-4281-9446-648F6CDE72DF}.Debug|Any CPU.Build.0 = Debug|Any CPU
		{4975B076-A4EE-4281-9446-648F6CDE72DF}.FundTrackDeploy|Any CPU.ActiveCfg = Release|Any CPU
		{4975B076-A4EE-4281-9446-648F6CDE72DF}.FundTrackDeploy|Any CPU.Build.0 = Release|Any CPU
		{4975B076-A4EE-4281-9446-648F6CDE72DF}.Release|Any CPU.ActiveCfg = Release|Any CPU
		{4975B076-A4EE-4281-9446-648F6CDE72DF}.Release|Any CPU.Deploy.0 = Release|Any CPU
		{6EEE8694-DA10-4324-8A40-B9A79DB35B69}.Debug|Any CPU.ActiveCfg = Debug|Any CPU
		{6EEE8694-DA10-4324-8A40-B9A79DB35B69}.Debug|Any CPU.Build.0 = Debug|Any CPU
		{6EEE8694-DA10-4324-8A40-B9A79DB35B69}.FundTrackDeploy|Any CPU.ActiveCfg = Release|Any CPU
		{6EEE8694-DA10-4324-8A40-B9A79DB35B69}.FundTrackDeploy|Any CPU.Build.0 = Release|Any CPU
		{6EEE8694-DA10-4324-8A40-B9A79DB35B69}.Release|Any CPU.ActiveCfg = Release|Any CPU
		{7120293D-AFFF-4363-AD57-B3D8EDCC857C}.Debug|Any CPU.ActiveCfg = Debug|Any CPU
		{7120293D-AFFF-4363-AD57-B3D8EDCC857C}.Debug|Any CPU.Build.0 = Debug|Any CPU
		{7120293D-AFFF-4363-AD57-B3D8EDCC857C}.FundTrackDeploy|Any CPU.ActiveCfg = Release|Any CPU
		{7120293D-AFFF-4363-AD57-B3D8EDCC857C}.FundTrackDeploy|Any CPU.Build.0 = Release|Any CPU
		{7120293D-AFFF-4363-AD57-B3D8EDCC857C}.Release|Any CPU.ActiveCfg = Release|Any CPU
		{F4EC9D76-714C-446D-A969-45F8D00BF176}.Debug|Any CPU.ActiveCfg = Debug|Any CPU
		{F4EC9D76-714C-446D-A969-45F8D00BF176}.Debug|Any CPU.Build.0 = Debug|Any CPU
		{F4EC9D76-714C-446D-A969-45F8D00BF176}.FundTrackDeploy|Any CPU.ActiveCfg = Release|Any CPU
		{F4EC9D76-714C-446D-A969-45F8D00BF176}.FundTrackDeploy|Any CPU.Build.0 = Release|Any CPU
		{F4EC9D76-714C-446D-A969-45F8D00BF176}.Release|Any CPU.ActiveCfg = Release|Any CPU
		{F4EC9D76-714C-446D-A969-45F8D00BF176}.Release|Any CPU.Build.0 = Release|Any CPU
		{61B4211E-E254-49D9-BE14-A4C8C47B596A}.Debug|Any CPU.ActiveCfg = Debug|Any CPU
		{61B4211E-E254-49D9-BE14-A4C8C47B596A}.Debug|Any CPU.Build.0 = Debug|Any CPU
		{61B4211E-E254-49D9-BE14-A4C8C47B596A}.FundTrackDeploy|Any CPU.ActiveCfg = Release|Any CPU
		{61B4211E-E254-49D9-BE14-A4C8C47B596A}.FundTrackDeploy|Any CPU.Build.0 = Release|Any CPU
		{61B4211E-E254-49D9-BE14-A4C8C47B596A}.Release|Any CPU.ActiveCfg = Release|Any CPU
		{61B4211E-E254-49D9-BE14-A4C8C47B596A}.Release|Any CPU.Build.0 = Release|Any CPU
		{D8CB580D-96D8-4F62-B88F-5BB112FF94E3}.Debug|Any CPU.ActiveCfg = Debug|Any CPU
		{D8CB580D-96D8-4F62-B88F-5BB112FF94E3}.Debug|Any CPU.Build.0 = Debug|Any CPU
		{D8CB580D-96D8-4F62-B88F-5BB112FF94E3}.FundTrackDeploy|Any CPU.ActiveCfg = Debug|Any CPU
		{D8CB580D-96D8-4F62-B88F-5BB112FF94E3}.FundTrackDeploy|Any CPU.Build.0 = Debug|Any CPU
		{D8CB580D-96D8-4F62-B88F-5BB112FF94E3}.Release|Any CPU.ActiveCfg = Release|Any CPU
		{D8CB580D-96D8-4F62-B88F-5BB112FF94E3}.Release|Any CPU.Build.0 = Release|Any CPU
		{3AEEFB33-F774-4F98-86F0-D49FCD497A51}.Debug|Any CPU.ActiveCfg = Debug|Any CPU
		{3AEEFB33-F774-4F98-86F0-D49FCD497A51}.Debug|Any CPU.Build.0 = Debug|Any CPU
		{3AEEFB33-F774-4F98-86F0-D49FCD497A51}.FundTrackDeploy|Any CPU.ActiveCfg = Debug|Any CPU
		{3AEEFB33-F774-4F98-86F0-D49FCD497A51}.FundTrackDeploy|Any CPU.Build.0 = Debug|Any CPU
		{3AEEFB33-F774-4F98-86F0-D49FCD497A51}.Release|Any CPU.ActiveCfg = Release|Any CPU
		{3AEEFB33-F774-4F98-86F0-D49FCD497A51}.Release|Any CPU.Build.0 = Release|Any CPU
	EndGlobalSection
	GlobalSection(SolutionProperties) = preSolution
		HideSolutionNode = FALSE
	EndGlobalSection
	GlobalSection(ExtensibilityGlobals) = postSolution
		SolutionGuid = {75FA09E5-5CB7-4A7B-A9B5-D2F427ECE606}
	EndGlobalSection
EndGlobal
